// !$*UTF8*$!
{
	archiveVersion = 1;
	classes = {
	};
	objectVersion = 50;
	objects = {

/* Begin PBXBuildFile section */
		500672EA241CA90C00379516 /* AppDelegate.swift in Sources */ = {isa = PBXBuildFile; fileRef = 500672E9241CA90C00379516 /* AppDelegate.swift */; };
		500672EC241CA90C00379516 /* SceneDelegate.swift in Sources */ = {isa = PBXBuildFile; fileRef = 500672EB241CA90C00379516 /* SceneDelegate.swift */; };
		500672EE241CA90C00379516 /* ViewController.swift in Sources */ = {isa = PBXBuildFile; fileRef = 500672ED241CA90C00379516 /* ViewController.swift */; };
		500672F1241CA90C00379516 /* Main.storyboard in Resources */ = {isa = PBXBuildFile; fileRef = 500672EF241CA90C00379516 /* Main.storyboard */; };
		500672F3241CA91300379516 /* Assets.xcassets in Resources */ = {isa = PBXBuildFile; fileRef = 500672F2241CA91300379516 /* Assets.xcassets */; };
		500672F6241CA91300379516 /* LaunchScreen.storyboard in Resources */ = {isa = PBXBuildFile; fileRef = 500672F4241CA91300379516 /* LaunchScreen.storyboard */; };
		50067301241CA91400379516 /* SimpleBillMgrTests.swift in Sources */ = {isa = PBXBuildFile; fileRef = 50067300241CA91400379516 /* SimpleBillMgrTests.swift */; };
		5006730C241CA91400379516 /* SimpleBillMgrUITests.swift in Sources */ = {isa = PBXBuildFile; fileRef = 5006730B241CA91400379516 /* SimpleBillMgrUITests.swift */; };
/* End PBXBuildFile section */

/* Begin PBXContainerItemProxy section */
		500672FD241CA91400379516 /* PBXContainerItemProxy */ = {
			isa = PBXContainerItemProxy;
			containerPortal = 500672DE241CA90C00379516 /* Project object */;
			proxyType = 1;
			remoteGlobalIDString = 500672E5241CA90C00379516;
			remoteInfo = SimpleBillMgr;
		};
		50067308241CA91400379516 /* PBXContainerItemProxy */ = {
			isa = PBXContainerItemProxy;
			containerPortal = 500672DE241CA90C00379516 /* Project object */;
			proxyType = 1;
			remoteGlobalIDString = 500672E5241CA90C00379516;
			remoteInfo = SimpleBillMgr;
		};
/* End PBXContainerItemProxy section */

/* Begin PBXFileReference section */
		500672E6241CA90C00379516 /* SimpleBillMgr.app */ = {isa = PBXFileReference; explicitFileType = wrapper.application; includeInIndex = 0; path = SimpleBillMgr.app; sourceTree = BUILT_PRODUCTS_DIR; };
		500672E9241CA90C00379516 /* AppDelegate.swift */ = {isa = PBXFileReference; lastKnownFileType = sourcecode.swift; path = AppDelegate.swift; sourceTree = "<group>"; };
		500672EB241CA90C00379516 /* SceneDelegate.swift */ = {isa = PBXFileReference; lastKnownFileType = sourcecode.swift; path = SceneDelegate.swift; sourceTree = "<group>"; };
		500672ED241CA90C00379516 /* ViewController.swift */ = {isa = PBXFileReference; lastKnownFileType = sourcecode.swift; path = ViewController.swift; sourceTree = "<group>"; };
		500672F0241CA90C00379516 /* Base */ = {isa = PBXFileReference; lastKnownFileType = file.storyboard; name = Base; path = Base.lproj/Main.storyboard; sourceTree = "<group>"; };
		500672F2241CA91300379516 /* Assets.xcassets */ = {isa = PBXFileReference; lastKnownFileType = folder.assetcatalog; path = Assets.xcassets; sourceTree = "<group>"; };
		500672F5241CA91300379516 /* Base */ = {isa = PBXFileReference; lastKnownFileType = file.storyboard; name = Base; path = Base.lproj/LaunchScreen.storyboard; sourceTree = "<group>"; };
		500672F7241CA91300379516 /* Info.plist */ = {isa = PBXFileReference; lastKnownFileType = text.plist.xml; path = Info.plist; sourceTree = "<group>"; };
		500672FC241CA91400379516 /* SimpleBillMgrTests.xctest */ = {isa = PBXFileReference; explicitFileType = wrapper.cfbundle; includeInIndex = 0; path = SimpleBillMgrTests.xctest; sourceTree = BUILT_PRODUCTS_DIR; };
		50067300241CA91400379516 /* SimpleBillMgrTests.swift */ = {isa = PBXFileReference; lastKnownFileType = sourcecode.swift; path = SimpleBillMgrTests.swift; sourceTree = "<group>"; };
		50067302241CA91400379516 /* Info.plist */ = {isa = PBXFileReference; lastKnownFileType = text.plist.xml; path = Info.plist; sourceTree = "<group>"; };
		50067307241CA91400379516 /* SimpleBillMgrUITests.xctest */ = {isa = PBXFileReference; explicitFileType = wrapper.cfbundle; includeInIndex = 0; path = SimpleBillMgrUITests.xctest; sourceTree = BUILT_PRODUCTS_DIR; };
		5006730B241CA91400379516 /* SimpleBillMgrUITests.swift */ = {isa = PBXFileReference; lastKnownFileType = sourcecode.swift; path = SimpleBillMgrUITests.swift; sourceTree = "<group>"; };
		5006730D241CA91400379516 /* Info.plist */ = {isa = PBXFileReference; lastKnownFileType = text.plist.xml; path = Info.plist; sourceTree = "<group>"; };
/* End PBXFileReference section */

/* Begin PBXFrameworksBuildPhase section */
		500672E3241CA90C00379516 /* Frameworks */ = {
			isa = PBXFrameworksBuildPhase;
			buildActionMask = 2147483647;
			files = (
			);
			runOnlyForDeploymentPostprocessing = 0;
		};
		500672F9241CA91400379516 /* Frameworks */ = {
			isa = PBXFrameworksBuildPhase;
			buildActionMask = 2147483647;
			files = (
			);
			runOnlyForDeploymentPostprocessing = 0;
		};
		50067304241CA91400379516 /* Frameworks */ = {
			isa = PBXFrameworksBuildPhase;
			buildActionMask = 2147483647;
			files = (
			);
			runOnlyForDeploymentPostprocessing = 0;
		};
/* End PBXFrameworksBuildPhase section */

/* Begin PBXGroup section */
		500672DD241CA90C00379516 = {
			isa = PBXGroup;
			children = (
				500672E8241CA90C00379516 /* SimpleBillMgr */,
				500672FF241CA91400379516 /* SimpleBillMgrTests */,
				5006730A241CA91400379516 /* SimpleBillMgrUITests */,
				500672E7241CA90C00379516 /* Products */,
			);
			sourceTree = "<group>";
		};
		500672E7241CA90C00379516 /* Products */ = {
			isa = PBXGroup;
			children = (
				500672E6241CA90C00379516 /* SimpleBillMgr.app */,
				500672FC241CA91400379516 /* SimpleBillMgrTests.xctest */,
				50067307241CA91400379516 /* SimpleBillMgrUITests.xctest */,
			);
			name = Products;
			sourceTree = "<group>";
		};
		500672E8241CA90C00379516 /* SimpleBillMgr */ = {
			isa = PBXGroup;
			children = (
				500672E9241CA90C00379516 /* AppDelegate.swift */,
				500672EB241CA90C00379516 /* SceneDelegate.swift */,
				500672ED241CA90C00379516 /* ViewController.swift */,
				500672EF241CA90C00379516 /* Main.storyboard */,
				500672F2241CA91300379516 /* Assets.xcassets */,
				500672F4241CA91300379516 /* LaunchScreen.storyboard */,
				500672F7241CA91300379516 /* Info.plist */,
			);
			path = SimpleBillMgr;
			sourceTree = "<group>";
		};
		500672FF241CA91400379516 /* SimpleBillMgrTests */ = {
			isa = PBXGroup;
			children = (
				50067300241CA91400379516 /* SimpleBillMgrTests.swift */,
				50067302241CA91400379516 /* Info.plist */,
			);
			path = SimpleBillMgrTests;
			sourceTree = "<group>";
		};
		5006730A241CA91400379516 /* SimpleBillMgrUITests */ = {
			isa = PBXGroup;
			children = (
				5006730B241CA91400379516 /* SimpleBillMgrUITests.swift */,
				5006730D241CA91400379516 /* Info.plist */,
			);
			path = SimpleBillMgrUITests;
			sourceTree = "<group>";
		};
/* End PBXGroup section */

/* Begin PBXNativeTarget section */
		500672E5241CA90C00379516 /* SimpleBillMgr */ = {
			isa = PBXNativeTarget;
			buildConfigurationList = 50067310241CA91400379516 /* Build configuration list for PBXNativeTarget "SimpleBillMgr" */;
			buildPhases = (
				500672E2241CA90C00379516 /* Sources */,
				500672E3241CA90C00379516 /* Frameworks */,
				500672E4241CA90C00379516 /* Resources */,
			);
			buildRules = (
			);
			dependencies = (
			);
			name = SimpleBillMgr;
			productName = SimpleBillMgr;
			productReference = 500672E6241CA90C00379516 /* SimpleBillMgr.app */;
			productType = "com.apple.product-type.application";
		};
		500672FB241CA91400379516 /* SimpleBillMgrTests */ = {
			isa = PBXNativeTarget;
			buildConfigurationList = 50067313241CA91400379516 /* Build configuration list for PBXNativeTarget "SimpleBillMgrTests" */;
			buildPhases = (
				500672F8241CA91400379516 /* Sources */,
				500672F9241CA91400379516 /* Frameworks */,
				500672FA241CA91400379516 /* Resources */,
			);
			buildRules = (
			);
			dependencies = (
				500672FE241CA91400379516 /* PBXTargetDependency */,
			);
			name = SimpleBillMgrTests;
			productName = SimpleBillMgrTests;
			productReference = 500672FC241CA91400379516 /* SimpleBillMgrTests.xctest */;
			productType = "com.apple.product-type.bundle.unit-test";
		};
		50067306241CA91400379516 /* SimpleBillMgrUITests */ = {
			isa = PBXNativeTarget;
			buildConfigurationList = 50067316241CA91400379516 /* Build configuration list for PBXNativeTarget "SimpleBillMgrUITests" */;
			buildPhases = (
				50067303241CA91400379516 /* Sources */,
				50067304241CA91400379516 /* Frameworks */,
				50067305241CA91400379516 /* Resources */,
			);
			buildRules = (
			);
			dependencies = (
				50067309241CA91400379516 /* PBXTargetDependency */,
			);
			name = SimpleBillMgrUITests;
			productName = SimpleBillMgrUITests;
			productReference = 50067307241CA91400379516 /* SimpleBillMgrUITests.xctest */;
			productType = "com.apple.product-type.bundle.ui-testing";
		};
/* End PBXNativeTarget section */

/* Begin PBXProject section */
		500672DE241CA90C00379516 /* Project object */ = {
			isa = PBXProject;
			attributes = {
				LastSwiftUpdateCheck = 1130;
				LastUpgradeCheck = 1130;
				ORGANIZATIONNAME = QPomelo;
				TargetAttributes = {
					500672E5241CA90C00379516 = {
						CreatedOnToolsVersion = 11.3.1;
					};
					500672FB241CA91400379516 = {
						CreatedOnToolsVersion = 11.3.1;
						TestTargetID = 500672E5241CA90C00379516;
					};
					50067306241CA91400379516 = {
						CreatedOnToolsVersion = 11.3.1;
						TestTargetID = 500672E5241CA90C00379516;
					};
				};
			};
			buildConfigurationList = 500672E1241CA90C00379516 /* Build configuration list for PBXProject "SimpleBillMgr" */;
			compatibilityVersion = "Xcode 9.3";
			developmentRegion = en;
			hasScannedForEncodings = 0;
			knownRegions = (
				en,
				Base,
			);
			mainGroup = 500672DD241CA90C00379516;
			productRefGroup = 500672E7241CA90C00379516 /* Products */;
			projectDirPath = "";
			projectRoot = "";
			targets = (
				500672E5241CA90C00379516 /* SimpleBillMgr */,
				500672FB241CA91400379516 /* SimpleBillMgrTests */,
				50067306241CA91400379516 /* SimpleBillMgrUITests */,
			);
		};
/* End PBXProject section */

/* Begin PBXResourcesBuildPhase section */
		500672E4241CA90C00379516 /* Resources */ = {
			isa = PBXResourcesBuildPhase;
			buildActionMask = 2147483647;
			files = (
				500672F6241CA91300379516 /* LaunchScreen.storyboard in Resources */,
				500672F3241CA91300379516 /* Assets.xcassets in Resources */,
				500672F1241CA90C00379516 /* Main.storyboard in Resources */,
			);
			runOnlyForDeploymentPostprocessing = 0;
		};
		500672FA241CA91400379516 /* Resources */ = {
			isa = PBXResourcesBuildPhase;
			buildActionMask = 2147483647;
			files = (
			);
			runOnlyForDeploymentPostprocessing = 0;
		};
		50067305241CA91400379516 /* Resources */ = {
			isa = PBXResourcesBuildPhase;
			buildActionMask = 2147483647;
			files = (
			);
			runOnlyForDeploymentPostprocessing = 0;
		};
/* End PBXResourcesBuildPhase section */

/* Begin PBXSourcesBuildPhase section */
		500672E2241CA90C00379516 /* Sources */ = {
			isa = PBXSourcesBuildPhase;
			buildActionMask = 2147483647;
			files = (
				500672EE241CA90C00379516 /* ViewController.swift in Sources */,
				500672EA241CA90C00379516 /* AppDelegate.swift in Sources */,
				500672EC241CA90C00379516 /* SceneDelegate.swift in Sources */,
			);
			runOnlyForDeploymentPostprocessing = 0;
		};
		500672F8241CA91400379516 /* Sources */ = {
			isa = PBXSourcesBuildPhase;
			buildActionMask = 2147483647;
			files = (
				50067301241CA91400379516 /* SimpleBillMgrTests.swift in Sources */,
			);
			runOnlyForDeploymentPostprocessing = 0;
		};
		50067303241CA91400379516 /* Sources */ = {
			isa = PBXSourcesBuildPhase;
			buildActionMask = 2147483647;
			files = (
				5006730C241CA91400379516 /* SimpleBillMgrUITests.swift in Sources */,
			);
			runOnlyForDeploymentPostprocessing = 0;
		};
/* End PBXSourcesBuildPhase section */

/* Begin PBXTargetDependency section */
		500672FE241CA91400379516 /* PBXTargetDependency */ = {
			isa = PBXTargetDependency;
			target = 500672E5241CA90C00379516 /* SimpleBillMgr */;
			targetProxy = 500672FD241CA91400379516 /* PBXContainerItemProxy */;
		};
		50067309241CA91400379516 /* PBXTargetDependency */ = {
			isa = PBXTargetDependency;
			target = 500672E5241CA90C00379516 /* SimpleBillMgr */;
			targetProxy = 50067308241CA91400379516 /* PBXContainerItemProxy */;
		};
/* End PBXTargetDependency section */

/* Begin PBXVariantGroup section */
		500672EF241CA90C00379516 /* Main.storyboard */ = {
			isa = PBXVariantGroup;
			children = (
				500672F0241CA90C00379516 /* Base */,
			);
			name = Main.storyboard;
			sourceTree = "<group>";
		};
		500672F4241CA91300379516 /* LaunchScreen.storyboard */ = {
			isa = PBXVariantGroup;
			children = (
				500672F5241CA91300379516 /* Base */,
			);
			name = LaunchScreen.storyboard;
			sourceTree = "<group>";
		};
/* End PBXVariantGroup section */

/* Begin XCBuildConfiguration section */
		5006730E241CA91400379516 /* Debug */ = {
			isa = XCBuildConfiguration;
			buildSettings = {
				ALWAYS_SEARCH_USER_PATHS = NO;
				CLANG_ANALYZER_NONNULL = YES;
				CLANG_ANALYZER_NUMBER_OBJECT_CONVERSION = YES_AGGRESSIVE;
				CLANG_CXX_LANGUAGE_STANDARD = "gnu++14";
				CLANG_CXX_LIBRARY = "libc++";
				CLANG_ENABLE_MODULES = YES;
				CLANG_ENABLE_OBJC_ARC = YES;
				CLANG_ENABLE_OBJC_WEAK = YES;
				CLANG_WARN_BLOCK_CAPTURE_AUTORELEASING = YES;
				CLANG_WARN_BOOL_CONVERSION = YES;
				CLANG_WARN_COMMA = YES;
				CLANG_WARN_CONSTANT_CONVERSION = YES;
				CLANG_WARN_DEPRECATED_OBJC_IMPLEMENTATIONS = YES;
				CLANG_WARN_DIRECT_OBJC_ISA_USAGE = YES_ERROR;
				CLANG_WARN_DOCUMENTATION_COMMENTS = YES;
				CLANG_WARN_EMPTY_BODY = YES;
				CLANG_WARN_ENUM_CONVERSION = YES;
				CLANG_WARN_INFINITE_RECURSION = YES;
				CLANG_WARN_INT_CONVERSION = YES;
				CLANG_WARN_NON_LITERAL_NULL_CONVERSION = YES;
				CLANG_WARN_OBJC_IMPLICIT_RETAIN_SELF = YES;
				CLANG_WARN_OBJC_LITERAL_CONVERSION = YES;
				CLANG_WARN_OBJC_ROOT_CLASS = YES_ERROR;
				CLANG_WARN_RANGE_LOOP_ANALYSIS = YES;
				CLANG_WARN_STRICT_PROTOTYPES = YES;
				CLANG_WARN_SUSPICIOUS_MOVE = YES;
				CLANG_WARN_UNGUARDED_AVAILABILITY = YES_AGGRESSIVE;
				CLANG_WARN_UNREACHABLE_CODE = YES;
				CLANG_WARN__DUPLICATE_METHOD_MATCH = YES;
				COPY_PHASE_STRIP = NO;
				DEBUG_INFORMATION_FORMAT = dwarf;
				ENABLE_STRICT_OBJC_MSGSEND = YES;
				ENABLE_TESTABILITY = YES;
				GCC_C_LANGUAGE_STANDARD = gnu11;
				GCC_DYNAMIC_NO_PIC = NO;
				GCC_NO_COMMON_BLOCKS = YES;
				GCC_OPTIMIZATION_LEVEL = 0;
				GCC_PREPROCESSOR_DEFINITIONS = (
					"DEBUG=1",
					"$(inherited)",
				);
				GCC_WARN_64_TO_32_BIT_CONVERSION = YES;
				GCC_WARN_ABOUT_RETURN_TYPE = YES_ERROR;
				GCC_WARN_UNDECLARED_SELECTOR = YES;
				GCC_WARN_UNINITIALIZED_AUTOS = YES_AGGRESSIVE;
				GCC_WARN_UNUSED_FUNCTION = YES;
				GCC_WARN_UNUSED_VARIABLE = YES;
				IPHONEOS_DEPLOYMENT_TARGET = 13.2;
				MTL_ENABLE_DEBUG_INFO = INCLUDE_SOURCE;
				MTL_FAST_MATH = YES;
				ONLY_ACTIVE_ARCH = YES;
				SDKROOT = iphoneos;
				SWIFT_ACTIVE_COMPILATION_CONDITIONS = DEBUG;
				SWIFT_OPTIMIZATION_LEVEL = "-Onone";
			};
			name = Debug;
		};
		5006730F241CA91400379516 /* Release */ = {
			isa = XCBuildConfiguration;
			buildSettings = {
				ALWAYS_SEARCH_USER_PATHS = NO;
				CLANG_ANALYZER_NONNULL = YES;
				CLANG_ANALYZER_NUMBER_OBJECT_CONVERSION = YES_AGGRESSIVE;
				CLANG_CXX_LANGUAGE_STANDARD = "gnu++14";
				CLANG_CXX_LIBRARY = "libc++";
				CLANG_ENABLE_MODULES = YES;
				CLANG_ENABLE_OBJC_ARC = YES;
				CLANG_ENABLE_OBJC_WEAK = YES;
				CLANG_WARN_BLOCK_CAPTURE_AUTORELEASING = YES;
				CLANG_WARN_BOOL_CONVERSION = YES;
				CLANG_WARN_COMMA = YES;
				CLANG_WARN_CONSTANT_CONVERSION = YES;
				CLANG_WARN_DEPRECATED_OBJC_IMPLEMENTATIONS = YES;
				CLANG_WARN_DIRECT_OBJC_ISA_USAGE = YES_ERROR;
				CLANG_WARN_DOCUMENTATION_COMMENTS = YES;
				CLANG_WARN_EMPTY_BODY = YES;
				CLANG_WARN_ENUM_CONVERSION = YES;
				CLANG_WARN_INFINITE_RECURSION = YES;
				CLANG_WARN_INT_CONVERSION = YES;
				CLANG_WARN_NON_LITERAL_NULL_CONVERSION = YES;
				CLANG_WARN_OBJC_IMPLICIT_RETAIN_SELF = YES;
				CLANG_WARN_OBJC_LITERAL_CONVERSION = YES;
				CLANG_WARN_OBJC_ROOT_CLASS = YES_ERROR;
				CLANG_WARN_RANGE_LOOP_ANALYSIS = YES;
				CLANG_WARN_STRICT_PROTOTYPES = YES;
				CLANG_WARN_SUSPICIOUS_MOVE = YES;
				CLANG_WARN_UNGUARDED_AVAILABILITY = YES_AGGRESSIVE;
				CLANG_WARN_UNREACHABLE_CODE = YES;
				CLANG_WARN__DUPLICATE_METHOD_MATCH = YES;
				COPY_PHASE_STRIP = NO;
				DEBUG_INFORMATION_FORMAT = "dwarf-with-dsym";
				ENABLE_NS_ASSERTIONS = NO;
				ENABLE_STRICT_OBJC_MSGSEND = YES;
				GCC_C_LANGUAGE_STANDARD = gnu11;
				GCC_NO_COMMON_BLOCKS = YES;
				GCC_WARN_64_TO_32_BIT_CONVERSION = YES;
				GCC_WARN_ABOUT_RETURN_TYPE = YES_ERROR;
				GCC_WARN_UNDECLARED_SELECTOR = YES;
				GCC_WARN_UNINITIALIZED_AUTOS = YES_AGGRESSIVE;
				GCC_WARN_UNUSED_FUNCTION = YES;
				GCC_WARN_UNUSED_VARIABLE = YES;
				IPHONEOS_DEPLOYMENT_TARGET = 13.2;
				MTL_ENABLE_DEBUG_INFO = NO;
				MTL_FAST_MATH = YES;
				SDKROOT = iphoneos;
				SWIFT_COMPILATION_MODE = wholemodule;
				SWIFT_OPTIMIZATION_LEVEL = "-O";
				VALIDATE_PRODUCT = YES;
			};
			name = Release;
		};
		50067311241CA91400379516 /* Debug */ = {
			isa = XCBuildConfiguration;
			buildSettings = {
				ASSETCATALOG_COMPILER_APPICON_NAME = AppIcon;
				CODE_SIGN_STYLE = Automatic;
				DEVELOPMENT_TEAM = 6P3X4YM85T;
				INFOPLIST_FILE = SimpleBillMgr/Info.plist;
				LD_RUNPATH_SEARCH_PATHS = (
					"$(inherited)",
					"@executable_path/Frameworks",
				);
				PRODUCT_BUNDLE_IDENTIFIER = xyz.qpomelo.SimpleBillMgr;
				PRODUCT_NAME = "$(TARGET_NAME)";
				SWIFT_VERSION = 5.0;
				TARGETED_DEVICE_FAMILY = "1,2";
			};
			name = Debug;
		};
		50067312241CA91400379516 /* Release */ = {
			isa = XCBuildConfiguration;
			buildSettings = {
				ASSETCATALOG_COMPILER_APPICON_NAME = AppIcon;
				CODE_SIGN_STYLE = Automatic;
				DEVELOPMENT_TEAM = 6P3X4YM85T;
				INFOPLIST_FILE = SimpleBillMgr/Info.plist;
				LD_RUNPATH_SEARCH_PATHS = (
					"$(inherited)",
					"@executable_path/Frameworks",
				);
				PRODUCT_BUNDLE_IDENTIFIER = xyz.qpomelo.SimpleBillMgr;
				PRODUCT_NAME = "$(TARGET_NAME)";
				SWIFT_VERSION = 5.0;
				TARGETED_DEVICE_FAMILY = "1,2";
			};
			name = Release;
		};
		50067314241CA91400379516 /* Debug */ = {
			isa = XCBuildConfiguration;
			buildSettings = {
				ALWAYS_EMBED_SWIFT_STANDARD_LIBRARIES = YES;
				BUNDLE_LOADER = "$(TEST_HOST)";
				CODE_SIGN_STYLE = Automatic;
				DEVELOPMENT_TEAM = 6P3X4YM85T;
				INFOPLIST_FILE = SimpleBillMgrTests/Info.plist;
				IPHONEOS_DEPLOYMENT_TARGET = 13.2;
				LD_RUNPATH_SEARCH_PATHS = (
					"$(inherited)",
					"@executable_path/Frameworks",
					"@loader_path/Frameworks",
				);
				PRODUCT_BUNDLE_IDENTIFIER = xyz.qpomelo.SimpleBillMgrTests;
				PRODUCT_NAME = "$(TARGET_NAME)";
				SWIFT_VERSION = 5.0;
				TARGETED_DEVICE_FAMILY = "1,2";
				TEST_HOST = "$(BUILT_PRODUCTS_DIR)/SimpleBillMgr.app/SimpleBillMgr";
			};
			name = Debug;
		};
		50067315241CA91400379516 /* Release */ = {
			isa = XCBuildConfiguration;
			buildSettings = {
				ALWAYS_EMBED_SWIFT_STANDARD_LIBRARIES = YES;
				BUNDLE_LOADER = "$(TEST_HOST)";
				CODE_SIGN_STYLE = Automatic;
				DEVELOPMENT_TEAM = 6P3X4YM85T;
				INFOPLIST_FILE = SimpleBillMgrTests/Info.plist;
				IPHONEOS_DEPLOYMENT_TARGET = 13.2;
				LD_RUNPATH_SEARCH_PATHS = (
					"$(inherited)",
					"@executable_path/Frameworks",
					"@loader_path/Frameworks",
				);
				PRODUCT_BUNDLE_IDENTIFIER = xyz.qpomelo.SimpleBillMgrTests;
				PRODUCT_NAME = "$(TARGET_NAME)";
				SWIFT_VERSION = 5.0;
				TARGETED_DEVICE_FAMILY = "1,2";
				TEST_HOST = "$(BUILT_PRODUCTS_DIR)/SimpleBillMgr.app/SimpleBillMgr";
			};
			name = Release;
		};
		50067317241CA91400379516 /* Debug */ = {
			isa = XCBuildConfiguration;
			buildSettings = {
				ALWAYS_EMBED_SWIFT_STANDARD_LIBRARIES = YES;
				CODE_SIGN_STYLE = Automatic;
				DEVELOPMENT_TEAM = 6P3X4YM85T;
				INFOPLIST_FILE = SimpleBillMgrUITests/Info.plist;
				LD_RUNPATH_SEARCH_PATHS = (
					"$(inherited)",
					"@executable_path/Frameworks",
					"@loader_path/Frameworks",
				);
				PRODUCT_BUNDLE_IDENTIFIER = xyz.qpomelo.SimpleBillMgrUITests;
				PRODUCT_NAME = "$(TARGET_NAME)";
				SWIFT_VERSION = 5.0;
				TARGETED_DEVICE_FAMILY = "1,2";
				TEST_TARGET_NAME = SimpleBillMgr;
			};
			name = Debug;
		};
		50067318241CA91400379516 /* Release */ = {
			isa = XCBuildConfiguration;
			buildSettings = {
				ALWAYS_EMBED_SWIFT_STANDARD_LIBRARIES = YES;
				CODE_SIGN_STYLE = Automatic;
				DEVELOPMENT_TEAM = 6P3X4YM85T;
				INFOPLIST_FILE = SimpleBillMgrUITests/Info.plist;
				LD_RUNPATH_SEARCH_PATHS = (
					"$(inherited)",
					"@executable_path/Frameworks",
					"@loader_path/Frameworks",
				);
				PRODUCT_BUNDLE_IDENTIFIER = xyz.qpomelo.SimpleBillMgrUITests;
				PRODUCT_NAME = "$(TARGET_NAME)";
				SWIFT_VERSION = 5.0;
				TARGETED_DEVICE_FAMILY = "1,2";
				TEST_TARGET_NAME = SimpleBillMgr;
			};
			name = Release;
		};
/* End XCBuildConfiguration section */

/* Begin XCConfigurationList section */
		500672E1241CA90C00379516 /* Build configuration list for PBXProject "SimpleBillMgr" */ = {
			isa = XCConfigurationList;
			buildConfigurations = (
				5006730E241CA91400379516 /* Debug */,
				5006730F241CA91400379516 /* Release */,
			);
			defaultConfigurationIsVisible = 0;
			defaultConfigurationName = Release;
		};
		50067310241CA91400379516 /* Build configuration list for PBXNativeTarget "SimpleBillMgr" */ = {
			isa = XCConfigurationList;
			buildConfigurations = (
				50067311241CA91400379516 /* Debug */,
				50067312241CA91400379516 /* Release */,
			);
			defaultConfigurationIsVisible = 0;
			defaultConfigurationName = Release;
		};
		50067313241CA91400379516 /* Build configuration list for PBXNativeTarget "SimpleBillMgrTests" */ = {
			isa = XCConfigurationList;
			buildConfigurations = (
				50067314241CA91400379516 /* Debug */,
				50067315241CA91400379516 /* Release */,
			);
			defaultConfigurationIsVisible = 0;
			defaultConfigurationName = Release;
		};
		50067316241CA91400379516 /* Build configuration list for PBXNativeTarget "SimpleBillMgrUITests" */ = {
			isa = XCConfigurationList;
			buildConfigurations = (
				50067317241CA91400379516 /* Debug */,
				50067318241CA91400379516 /* Release */,
			);
			defaultConfigurationIsVisible = 0;
			defaultConfigurationName = Release;
		};
/* End XCConfigurationList section */
	};
	rootObject = 500672DE241CA90C00379516 /* Project object */;
}
